// !$*UTF8*$!
{
	archiveVersion = 1;
	classes = {
	};
	objectVersion = 46;
	objects = {

/* Begin PBXBuildFile section */
		454299DC1D03176C00880D4F /* main.m in Sources */ = {isa = PBXBuildFile; fileRef = 454299DB1D03176C00880D4F /* main.m */; };
		454299DF1D03176C00880D4F /* AppDelegate.m in Sources */ = {isa = PBXBuildFile; fileRef = 454299DE1D03176C00880D4F /* AppDelegate.m */; };
		454299E51D03176C00880D4F /* Main.storyboard in Resources */ = {isa = PBXBuildFile; fileRef = 454299E31D03176C00880D4F /* Main.storyboard */; };
		454299E71D03176C00880D4F /* Assets.xcassets in Resources */ = {isa = PBXBuildFile; fileRef = 454299E61D03176C00880D4F /* Assets.xcassets */; };
		454299EA1D03176C00880D4F /* LaunchScreen.storyboard in Resources */ = {isa = PBXBuildFile; fileRef = 454299E81D03176C00880D4F /* LaunchScreen.storyboard */; };
		45E7EE5C1D031ECD009E6C46 /* ThumbnailListVC.m in Sources */ = {isa = PBXBuildFile; fileRef = 45E7EE5B1D031ECD009E6C46 /* ThumbnailListVC.m */; };
		45E7EE611D032115009E6C46 /* PictureTypeListVC.m in Sources */ = {isa = PBXBuildFile; fileRef = 45E7EE601D032115009E6C46 /* PictureTypeListVC.m */; };
		45E7EE661D033BDD009E6C46 /* Picture.m in Sources */ = {isa = PBXBuildFile; fileRef = 45E7EE651D033BDD009E6C46 /* Picture.m */; };
		45E7EE6B1D033CC9009E6C46 /* FlickrManager.m in Sources */ = {isa = PBXBuildFile; fileRef = 45E7EE6A1D033CC9009E6C46 /* FlickrManager.m */; };
		45E7EE6F1D034871009E6C46 /* ThumbnailCell.m in Sources */ = {isa = PBXBuildFile; fileRef = 45E7EE6E1D034871009E6C46 /* ThumbnailCell.m */; };
		45E7EE751D038C6B009E6C46 /* DetailVC.m in Sources */ = {isa = PBXBuildFile; fileRef = 45E7EE741D038C6B009E6C46 /* DetailVC.m */; };
		45E7EE781D03D3A2009E6C46 /* PicturePageVC.m in Sources */ = {isa = PBXBuildFile; fileRef = 45E7EE771D03D3A2009E6C46 /* PicturePageVC.m */; };
		6CE8F28D931296AAD8E60580 /* libPods-FlickrPictureViewer.a in Frameworks */ = {isa = PBXBuildFile; fileRef = 7E2CC0360DD99D7614F7F8AE /* libPods-FlickrPictureViewer.a */; };
/* End PBXBuildFile section */

/* Begin PBXFileReference section */
		454299D71D03176C00880D4F /* FlickrPictureViewer.app */ = {isa = PBXFileReference; explicitFileType = wrapper.application; includeInIndex = 0; path = FlickrPictureViewer.app; sourceTree = BUILT_PRODUCTS_DIR; };
		454299DB1D03176C00880D4F /* main.m */ = {isa = PBXFileReference; lastKnownFileType = sourcecode.c.objc; path = main.m; sourceTree = "<group>"; };
		454299DD1D03176C00880D4F /* AppDelegate.h */ = {isa = PBXFileReference; lastKnownFileType = sourcecode.c.h; path = AppDelegate.h; sourceTree = "<group>"; };
		454299DE1D03176C00880D4F /* AppDelegate.m */ = {isa = PBXFileReference; lastKnownFileType = sourcecode.c.objc; path = AppDelegate.m; sourceTree = "<group>"; };
		454299E41D03176C00880D4F /* Base */ = {isa = PBXFileReference; lastKnownFileType = file.storyboard; name = Base; path = Base.lproj/Main.storyboard; sourceTree = "<group>"; };
		454299E61D03176C00880D4F /* Assets.xcassets */ = {isa = PBXFileReference; lastKnownFileType = folder.assetcatalog; path = Assets.xcassets; sourceTree = "<group>"; };
		454299E91D03176C00880D4F /* Base */ = {isa = PBXFileReference; lastKnownFileType = file.storyboard; name = Base; path = Base.lproj/LaunchScreen.storyboard; sourceTree = "<group>"; };
		454299EB1D03176C00880D4F /* Info.plist */ = {isa = PBXFileReference; lastKnownFileType = text.plist.xml; path = Info.plist; sourceTree = "<group>"; };
		45E7EE5A1D031ECD009E6C46 /* ThumbnailListVC.h */ = {isa = PBXFileReference; fileEncoding = 4; lastKnownFileType = sourcecode.c.h; path = ThumbnailListVC.h; sourceTree = "<group>"; };
		45E7EE5B1D031ECD009E6C46 /* ThumbnailListVC.m */ = {isa = PBXFileReference; fileEncoding = 4; lastKnownFileType = sourcecode.c.objc; path = ThumbnailListVC.m; sourceTree = "<group>"; };
		45E7EE5F1D032115009E6C46 /* PictureTypeListVC.h */ = {isa = PBXFileReference; fileEncoding = 4; lastKnownFileType = sourcecode.c.h; path = PictureTypeListVC.h; sourceTree = "<group>"; };
		45E7EE601D032115009E6C46 /* PictureTypeListVC.m */ = {isa = PBXFileReference; fileEncoding = 4; lastKnownFileType = sourcecode.c.objc; path = PictureTypeListVC.m; sourceTree = "<group>"; };
		45E7EE631D032260009E6C46 /* Defines.h */ = {isa = PBXFileReference; lastKnownFileType = sourcecode.c.h; path = Defines.h; sourceTree = "<group>"; };
		45E7EE641D033BDD009E6C46 /* Picture.h */ = {isa = PBXFileReference; fileEncoding = 4; lastKnownFileType = sourcecode.c.h; path = Picture.h; sourceTree = "<group>"; };
		45E7EE651D033BDD009E6C46 /* Picture.m */ = {isa = PBXFileReference; fileEncoding = 4; lastKnownFileType = sourcecode.c.objc; path = Picture.m; sourceTree = "<group>"; };
		45E7EE691D033CC9009E6C46 /* FlickrManager.h */ = {isa = PBXFileReference; fileEncoding = 4; lastKnownFileType = sourcecode.c.h; path = FlickrManager.h; sourceTree = "<group>"; };
		45E7EE6A1D033CC9009E6C46 /* FlickrManager.m */ = {isa = PBXFileReference; fileEncoding = 4; lastKnownFileType = sourcecode.c.objc; path = FlickrManager.m; sourceTree = "<group>"; };
		45E7EE6D1D034871009E6C46 /* ThumbnailCell.h */ = {isa = PBXFileReference; fileEncoding = 4; lastKnownFileType = sourcecode.c.h; path = ThumbnailCell.h; sourceTree = "<group>"; };
		45E7EE6E1D034871009E6C46 /* ThumbnailCell.m */ = {isa = PBXFileReference; fileEncoding = 4; lastKnownFileType = sourcecode.c.objc; path = ThumbnailCell.m; sourceTree = "<group>"; };
		45E7EE721D035510009E6C46 /* Podfile */ = {isa = PBXFileReference; lastKnownFileType = text; path = Podfile; sourceTree = SOURCE_ROOT; };
		45E7EE731D038C6B009E6C46 /* DetailVC.h */ = {isa = PBXFileReference; fileEncoding = 4; lastKnownFileType = sourcecode.c.h; path = DetailVC.h; sourceTree = "<group>"; };
		45E7EE741D038C6B009E6C46 /* DetailVC.m */ = {isa = PBXFileReference; fileEncoding = 4; lastKnownFileType = sourcecode.c.objc; path = DetailVC.m; sourceTree = "<group>"; };
		45E7EE761D03D3A2009E6C46 /* PicturePageVC.h */ = {isa = PBXFileReference; fileEncoding = 4; lastKnownFileType = sourcecode.c.h; path = PicturePageVC.h; sourceTree = "<group>"; };
		45E7EE771D03D3A2009E6C46 /* PicturePageVC.m */ = {isa = PBXFileReference; fileEncoding = 4; lastKnownFileType = sourcecode.c.objc; path = PicturePageVC.m; sourceTree = "<group>"; };
		766235199398B3CC3B73D8E7 /* Pods-FlickrPictureViewer.release.xcconfig */ = {isa = PBXFileReference; includeInIndex = 1; lastKnownFileType = text.xcconfig; name = "Pods-FlickrPictureViewer.release.xcconfig"; path = "Pods/Target Support Files/Pods-FlickrPictureViewer/Pods-FlickrPictureViewer.release.xcconfig"; sourceTree = "<group>"; };
		7E2CC0360DD99D7614F7F8AE /* libPods-FlickrPictureViewer.a */ = {isa = PBXFileReference; explicitFileType = archive.ar; includeInIndex = 0; path = "libPods-FlickrPictureViewer.a"; sourceTree = BUILT_PRODUCTS_DIR; };
		AFD76D953C0C934775AFD19D /* Pods-FlickrPictureViewer.debug.xcconfig */ = {isa = PBXFileReference; includeInIndex = 1; lastKnownFileType = text.xcconfig; name = "Pods-FlickrPictureViewer.debug.xcconfig"; path = "Pods/Target Support Files/Pods-FlickrPictureViewer/Pods-FlickrPictureViewer.debug.xcconfig"; sourceTree = "<group>"; };
/* End PBXFileReference section */

/* Begin PBXFrameworksBuildPhase section */
		454299D41D03176C00880D4F /* Frameworks */ = {
			isa = PBXFrameworksBuildPhase;
			buildActionMask = 2147483647;
			files = (
				6CE8F28D931296AAD8E60580 /* libPods-FlickrPictureViewer.a in Frameworks */,
			);
			runOnlyForDeploymentPostprocessing = 0;
		};
/* End PBXFrameworksBuildPhase section */

/* Begin PBXGroup section */
		3FC46FC728E2265765E3C186 /* Pods */ = {
			isa = PBXGroup;
			children = (
				AFD76D953C0C934775AFD19D /* Pods-FlickrPictureViewer.debug.xcconfig */,
				766235199398B3CC3B73D8E7 /* Pods-FlickrPictureViewer.release.xcconfig */,
			);
			name = Pods;
			sourceTree = "<group>";
		};
		454299CE1D03176C00880D4F = {
			isa = PBXGroup;
			children = (
				454299D91D03176C00880D4F /* FlickrPictureViewer */,
				454299D81D03176C00880D4F /* Products */,
				3FC46FC728E2265765E3C186 /* Pods */,
				EE25572C18DE11FD84A71BA7 /* Frameworks */,
			);
			sourceTree = "<group>";
		};
		454299D81D03176C00880D4F /* Products */ = {
			isa = PBXGroup;
			children = (
				454299D71D03176C00880D4F /* FlickrPictureViewer.app */,
			);
			name = Products;
			sourceTree = "<group>";
		};
		454299D91D03176C00880D4F /* FlickrPictureViewer */ = {
			isa = PBXGroup;
			children = (
				454299DD1D03176C00880D4F /* AppDelegate.h */,
				454299DE1D03176C00880D4F /* AppDelegate.m */,
				45E7EE5E1D0320D3009E6C46 /* ViewControllers */,
				45E7EE6C1D034845009E6C46 /* Views */,
				45E7EE681D033C4D009E6C46 /* Manager */,
				45E7EE671D033BE3009E6C46 /* Models */,
				45E7EE621D03223E009E6C46 /* Utils */,
				45E7EE5D1D031EDB009E6C46 /* Resources */,
				454299DA1D03176C00880D4F /* Supporting Files */,
			);
			path = FlickrPictureViewer;
			sourceTree = "<group>";
		};
		454299DA1D03176C00880D4F /* Supporting Files */ = {
			isa = PBXGroup;
			children = (
				454299DB1D03176C00880D4F /* main.m */,
			);
			name = "Supporting Files";
			sourceTree = "<group>";
		};
		45E7EE5D1D031EDB009E6C46 /* Resources */ = {
			isa = PBXGroup;
			children = (
				454299E31D03176C00880D4F /* Main.storyboard */,
				454299E61D03176C00880D4F /* Assets.xcassets */,
				454299E81D03176C00880D4F /* LaunchScreen.storyboard */,
				45E7EE721D035510009E6C46 /* Podfile */,
				454299EB1D03176C00880D4F /* Info.plist */,
			);
			name = Resources;
			sourceTree = "<group>";
		};
		45E7EE5E1D0320D3009E6C46 /* ViewControllers */ = {
			isa = PBXGroup;
			children = (
				45E7EE5F1D032115009E6C46 /* PictureTypeListVC.h */,
				45E7EE601D032115009E6C46 /* PictureTypeListVC.m */,
				45E7EE5A1D031ECD009E6C46 /* ThumbnailListVC.h */,
				45E7EE5B1D031ECD009E6C46 /* ThumbnailListVC.m */,
				45E7EE731D038C6B009E6C46 /* DetailVC.h */,
				45E7EE741D038C6B009E6C46 /* DetailVC.m */,
				45E7EE761D03D3A2009E6C46 /* PicturePageVC.h */,
				45E7EE771D03D3A2009E6C46 /* PicturePageVC.m */,
			);
			name = ViewControllers;
			sourceTree = "<group>";
		};
		45E7EE621D03223E009E6C46 /* Utils */ = {
			isa = PBXGroup;
			children = (
				45E7EE631D032260009E6C46 /* Defines.h */,
			);
			name = Utils;
			sourceTree = "<group>";
		};
		45E7EE671D033BE3009E6C46 /* Models */ = {
			isa = PBXGroup;
			children = (
				45E7EE641D033BDD009E6C46 /* Picture.h */,
				45E7EE651D033BDD009E6C46 /* Picture.m */,
			);
			name = Models;
			sourceTree = "<group>";
		};
		45E7EE681D033C4D009E6C46 /* Manager */ = {
			isa = PBXGroup;
			children = (
				45E7EE691D033CC9009E6C46 /* FlickrManager.h */,
				45E7EE6A1D033CC9009E6C46 /* FlickrManager.m */,
			);
			name = Manager;
			sourceTree = "<group>";
		};
		45E7EE6C1D034845009E6C46 /* Views */ = {
			isa = PBXGroup;
			children = (
				45E7EE6D1D034871009E6C46 /* ThumbnailCell.h */,
				45E7EE6E1D034871009E6C46 /* ThumbnailCell.m */,
			);
			name = Views;
			sourceTree = "<group>";
		};
		EE25572C18DE11FD84A71BA7 /* Frameworks */ = {
			isa = PBXGroup;
			children = (
				7E2CC0360DD99D7614F7F8AE /* libPods-FlickrPictureViewer.a */,
			);
			name = Frameworks;
			sourceTree = "<group>";
		};
/* End PBXGroup section */

/* Begin PBXNativeTarget section */
		454299D61D03176C00880D4F /* FlickrPictureViewer */ = {
			isa = PBXNativeTarget;
			buildConfigurationList = 454299EE1D03176C00880D4F /* Build configuration list for PBXNativeTarget "FlickrPictureViewer" */;
			buildPhases = (
				A5CF4BB5123203DC054BA04B /* [CP] Check Pods Manifest.lock */,
				454299D31D03176C00880D4F /* Sources */,
				454299D41D03176C00880D4F /* Frameworks */,
				454299D51D03176C00880D4F /* Resources */,
				86BBB6134A80686A8D9B2320 /* [CP] Embed Pods Frameworks */,
				FFB94373E82E1D0067C1D726 /* [CP] Copy Pods Resources */,
			);
			buildRules = (
			);
			dependencies = (
			);
			name = FlickrPictureViewer;
			productName = FlickrPictureViewer;
			productReference = 454299D71D03176C00880D4F /* FlickrPictureViewer.app */;
			productType = "com.apple.product-type.application";
		};
/* End PBXNativeTarget section */

/* Begin PBXProject section */
		454299CF1D03176C00880D4F /* Project object */ = {
			isa = PBXProject;
			attributes = {
				LastUpgradeCheck = 0730;
				ORGANIZATIONNAME = "Hiromitsu Oka";
				TargetAttributes = {
					454299D61D03176C00880D4F = {
						CreatedOnToolsVersion = 7.3.1;
						DevelopmentTeam = 97Y9MFFBR9;
					};
				};
			};
			buildConfigurationList = 454299D21D03176C00880D4F /* Build configuration list for PBXProject "FlickrPictureViewer" */;
			compatibilityVersion = "Xcode 3.2";
			developmentRegion = English;
			hasScannedForEncodings = 0;
			knownRegions = (
				en,
				Base,
			);
			mainGroup = 454299CE1D03176C00880D4F;
			productRefGroup = 454299D81D03176C00880D4F /* Products */;
			projectDirPath = "";
			projectRoot = "";
			targets = (
				454299D61D03176C00880D4F /* FlickrPictureViewer */,
			);
		};
/* End PBXProject section */

/* Begin PBXResourcesBuildPhase section */
		454299D51D03176C00880D4F /* Resources */ = {
			isa = PBXResourcesBuildPhase;
			buildActionMask = 2147483647;
			files = (
				454299EA1D03176C00880D4F /* LaunchScreen.storyboard in Resources */,
				454299E71D03176C00880D4F /* Assets.xcassets in Resources */,
				454299E51D03176C00880D4F /* Main.storyboard in Resources */,
			);
			runOnlyForDeploymentPostprocessing = 0;
		};
/* End PBXResourcesBuildPhase section */

/* Begin PBXShellScriptBuildPhase section */
		86BBB6134A80686A8D9B2320 /* [CP] Embed Pods Frameworks */ = {
			isa = PBXShellScriptBuildPhase;
			buildActionMask = 2147483647;
			files = (
			);
			inputPaths = (
			);
			name = "[CP] Embed Pods Frameworks";
			outputPaths = (
			);
			runOnlyForDeploymentPostprocessing = 0;
			shellPath = /bin/sh;
			shellScript = "\"${SRCROOT}/Pods/Target Support Files/Pods-FlickrPictureViewer/Pods-FlickrPictureViewer-frameworks.sh\"\n";
			showEnvVarsInLog = 0;
		};
		A5CF4BB5123203DC054BA04B /* [CP] Check Pods Manifest.lock */ = {
			isa = PBXShellScriptBuildPhase;
			buildActionMask = 2147483647;
			files = (
			);
			inputPaths = (
			);
			name = "[CP] Check Pods Manifest.lock";
			outputPaths = (
			);
			runOnlyForDeploymentPostprocessing = 0;
			shellPath = /bin/sh;
			shellScript = "diff \"${PODS_ROOT}/../Podfile.lock\" \"${PODS_ROOT}/Manifest.lock\" > /dev/null\nif [[ $? != 0 ]] ; then\n    cat << EOM\nerror: The sandbox is not in sync with the Podfile.lock. Run 'pod install' or update your CocoaPods installation.\nEOM\n    exit 1\nfi\n";
			showEnvVarsInLog = 0;
		};
		FFB94373E82E1D0067C1D726 /* [CP] Copy Pods Resources */ = {
			isa = PBXShellScriptBuildPhase;
			buildActionMask = 2147483647;
			files = (
			);
			inputPaths = (
			);
			name = "[CP] Copy Pods Resources";
			outputPaths = (
			);
			runOnlyForDeploymentPostprocessing = 0;
			shellPath = /bin/sh;
			shellScript = "\"${SRCROOT}/Pods/Target Support Files/Pods-FlickrPictureViewer/Pods-FlickrPictureViewer-resources.sh\"\n";
			showEnvVarsInLog = 0;
		};
/* End PBXShellScriptBuildPhase section */

/* Begin PBXSourcesBuildPhase section */
		454299D31D03176C00880D4F /* Sources */ = {
			isa = PBXSourcesBuildPhase;
			buildActionMask = 2147483647;
			files = (
				45E7EE5C1D031ECD009E6C46 /* ThumbnailListVC.m in Sources */,
				45E7EE751D038C6B009E6C46 /* DetailVC.m in Sources */,
				45E7EE781D03D3A2009E6C46 /* PicturePageVC.m in Sources */,
				45E7EE661D033BDD009E6C46 /* Picture.m in Sources */,
				45E7EE6B1D033CC9009E6C46 /* FlickrManager.m in Sources */,
				45E7EE6F1D034871009E6C46 /* ThumbnailCell.m in Sources */,
				45E7EE611D032115009E6C46 /* PictureTypeListVC.m in Sources */,
				454299DF1D03176C00880D4F /* AppDelegate.m in Sources */,
				454299DC1D03176C00880D4F /* main.m in Sources */,
			);
			runOnlyForDeploymentPostprocessing = 0;
		};
/* End PBXSourcesBuildPhase section */

/* Begin PBXVariantGroup section */
		454299E31D03176C00880D4F /* Main.storyboard */ = {
			isa = PBXVariantGroup;
			children = (
				454299E41D03176C00880D4F /* Base */,
			);
			name = Main.storyboard;
			sourceTree = "<group>";
		};
		454299E81D03176C00880D4F /* LaunchScreen.storyboard */ = {
			isa = PBXVariantGroup;
			children = (
				454299E91D03176C00880D4F /* Base */,
			);
			name = LaunchScreen.storyboard;
			sourceTree = "<group>";
		};
/* End PBXVariantGroup section */

/* Begin XCBuildConfiguration section */
		454299EC1D03176C00880D4F /* Debug */ = {
			isa = XCBuildConfiguration;
			buildSettings = {
				ALWAYS_SEARCH_USER_PATHS = NO;
				CLANG_ANALYZER_NONNULL = YES;
				CLANG_CXX_LANGUAGE_STANDARD = "gnu++0x";
				CLANG_CXX_LIBRARY = "libc++";
				CLANG_ENABLE_MODULES = YES;
				CLANG_ENABLE_OBJC_ARC = YES;
				CLANG_WARN_BOOL_CONVERSION = YES;
				CLANG_WARN_CONSTANT_CONVERSION = YES;
				CLANG_WARN_DIRECT_OBJC_ISA_USAGE = YES_ERROR;
				CLANG_WARN_EMPTY_BODY = YES;
				CLANG_WARN_ENUM_CONVERSION = YES;
				CLANG_WARN_INT_CONVERSION = YES;
				CLANG_WARN_OBJC_ROOT_CLASS = YES_ERROR;
				CLANG_WARN_UNREACHABLE_CODE = YES;
				CLANG_WARN__DUPLICATE_METHOD_MATCH = YES;
				"CODE_SIGN_IDENTITY[sdk=iphoneos*]" = "iPhone Developer";
				COPY_PHASE_STRIP = NO;
				DEBUG_INFORMATION_FORMAT = dwarf;
				ENABLE_STRICT_OBJC_MSGSEND = YES;
				ENABLE_TESTABILITY = YES;
				GCC_C_LANGUAGE_STANDARD = gnu99;
				GCC_DYNAMIC_NO_PIC = NO;
				GCC_NO_COMMON_BLOCKS = YES;
				GCC_OPTIMIZATION_LEVEL = 0;
				GCC_PREPROCESSOR_DEFINITIONS = (
					"DEBUG=1",
					"$(inherited)",
				);
				GCC_WARN_64_TO_32_BIT_CONVERSION = YES;
				GCC_WARN_ABOUT_RETURN_TYPE = YES_ERROR;
				GCC_WARN_UNDECLARED_SELECTOR = YES;
				GCC_WARN_UNINITIALIZED_AUTOS = YES_AGGRESSIVE;
				GCC_WARN_UNUSED_FUNCTION = YES;
				GCC_WARN_UNUSED_VARIABLE = YES;
				IPHONEOS_DEPLOYMENT_TARGET = 9.3;
				MTL_ENABLE_DEBUG_INFO = YES;
				ONLY_ACTIVE_ARCH = YES;
				SDKROOT = iphoneos;
				TARGETED_DEVICE_FAMILY = "1,2";
			};
			name = Debug;
		};
		454299ED1D03176C00880D4F /* Release */ = {
			isa = XCBuildConfiguration;
			buildSettings = {
				ALWAYS_SEARCH_USER_PATHS = NO;
				CLANG_ANALYZER_NONNULL = YES;
				CLANG_CXX_LANGUAGE_STANDARD = "gnu++0x";
				CLANG_CXX_LIBRARY = "libc++";
				CLANG_ENABLE_MODULES = YES;
				CLANG_ENABLE_OBJC_ARC = YES;
				CLANG_WARN_BOOL_CONVERSION = YES;
				CLANG_WARN_CONSTANT_CONVERSION = YES;
				CLANG_WARN_DIRECT_OBJC_ISA_USAGE = YES_ERROR;
				CLANG_WARN_EMPTY_BODY = YES;
				CLANG_WARN_ENUM_CONVERSION = YES;
				CLANG_WARN_INT_CONVERSION = YES;
				CLANG_WARN_OBJC_ROOT_CLASS = YES_ERROR;
				CLANG_WARN_UNREACHABLE_CODE = YES;
				CLANG_WARN__DUPLICATE_METHOD_MATCH = YES;
				"CODE_SIGN_IDENTITY[sdk=iphoneos*]" = "iPhone Developer";
				COPY_PHASE_STRIP = NO;
				DEBUG_INFORMATION_FORMAT = "dwarf-with-dsym";
				ENABLE_NS_ASSERTIONS = NO;
				ENABLE_STRICT_OBJC_MSGSEND = YES;
				GCC_C_LANGUAGE_STANDARD = gnu99;
				GCC_NO_COMMON_BLOCKS = YES;
				GCC_WARN_64_TO_32_BIT_CONVERSION = YES;
				GCC_WARN_ABOUT_RETURN_TYPE = YES_ERROR;
				GCC_WARN_UNDECLARED_SELECTOR = YES;
				GCC_WARN_UNINITIALIZED_AUTOS = YES_AGGRESSIVE;
				GCC_WARN_UNUSED_FUNCTION = YES;
				GCC_WARN_UNUSED_VARIABLE = YES;
				IPHONEOS_DEPLOYMENT_TARGET = 9.3;
				MTL_ENABLE_DEBUG_INFO = NO;
				SDKROOT = iphoneos;
				TARGETED_DEVICE_FAMILY = "1,2";
				VALIDATE_PRODUCT = YES;
			};
			name = Release;
		};
		454299EF1D03176C00880D4F /* Debug */ = {
			isa = XCBuildConfiguration;
			baseConfigurationReference = AFD76D953C0C934775AFD19D /* Pods-FlickrPictureViewer.debug.xcconfig */;
			buildSettings = {
				ASSETCATALOG_COMPILER_APPICON_NAME = AppIcon;
				CODE_SIGN_IDENTITY = "iPhone Developer";
				"CODE_SIGN_IDENTITY[sdk=iphoneos*]" = "iPhone Developer";
				INFOPLIST_FILE = FlickrPictureViewer/Info.plist;
				IPHONEOS_DEPLOYMENT_TARGET = 8.0;
				LD_RUNPATH_SEARCH_PATHS = "$(inherited) @executable_path/Frameworks";
				PRODUCT_BUNDLE_IDENTIFIER = jp.oka.hirow.app.FlickrPictureViewer;
				PRODUCT_NAME = "$(TARGET_NAME)";
				PROVISIONING_PROFILE = "";
			};
			name = Debug;
		};
		454299F01D03176C00880D4F /* Release */ = {
			isa = XCBuildConfiguration;
			baseConfigurationReference = 766235199398B3CC3B73D8E7 /* Pods-FlickrPictureViewer.release.xcconfig */;
			buildSettings = {
				ASSETCATALOG_COMPILER_APPICON_NAME = AppIcon;
				CODE_SIGN_IDENTITY = "iPhone Developer";
				"CODE_SIGN_IDENTITY[sdk=iphoneos*]" = "iPhone Developer";
				INFOPLIST_FILE = FlickrPictureViewer/Info.plist;
				IPHONEOS_DEPLOYMENT_TARGET = 8.0;
				LD_RUNPATH_SEARCH_PATHS = "$(inherited) @executable_path/Frameworks";
				PRODUCT_BUNDLE_IDENTIFIER = jp.oka.hirow.app.FlickrPictureViewer;
				PRODUCT_NAME = "$(TARGET_NAME)";
				PROVISIONING_PROFILE = "";
			};
			name = Release;
		};
/* End XCBuildConfiguration section */

/* Begin XCConfigurationList section */
		454299D21D03176C00880D4F /* Build configuration list for PBXProject "FlickrPictureViewer" */ = {
			isa = XCConfigurationList;
			buildConfigurations = (
				454299EC1D03176C00880D4F /* Debug */,
				454299ED1D03176C00880D4F /* Release */,
			);
			defaultConfigurationIsVisible = 0;
			defaultConfigurationName = Release;
		};
		454299EE1D03176C00880D4F /* Build configuration list for PBXNativeTarget "FlickrPictureViewer" */ = {
			isa = XCConfigurationList;
			buildConfigurations = (
				454299EF1D03176C00880D4F /* Debug */,
				454299F01D03176C00880D4F /* Release */,
			);
			defaultConfigurationIsVisible = 0;
			defaultConfigurationName = Release;
		};
/* End XCConfigurationList section */
	};
	rootObject = 454299CF1D03176C00880D4F /* Project object */;
}
